
Microsoft Visual Studio Solution File, Format Version 12.00
# Visual Studio Version 16
VisualStudioVersion = 16.0.31702.278
MinimumVisualStudioVersion = 10.0.40219.1
Project("{FAE04EC0-301F-11D3-BF4B-00C04F79EFBC}") = "Banking_C33", "Banking_C33\Banking_C33.csproj", "{4F34F700-37B4-4047-9A42-6E3964948629}"
EndProject
Global
	GlobalSection(SolutionConfigurationPlatforms) = preSolution
		Debug|Any CPU = Debug|Any CPU
		Release|Any CPU = Release|Any CPU
	EndGlobalSection
	GlobalSection(ProjectConfigurationPlatforms) = postSolution
		{4F34F700-37B4-4047-9A42-6E3964948629}.Debug|Any CPU.ActiveCfg = Debug|Any CPU
		{4F34F700-37B4-4047-9A42-6E3964948629}.Debug|Any CPU.Build.0 = Debug|Any CPU
		{4F34F700-37B4-4047-9A42-6E3964948629}.Release|Any CPU.ActiveCfg = Release|Any CPU
		{4F34F700-37B4-4047-9A42-6E3964948629}.Release|Any CPU.Build.0 = Release|Any CPU
	EndGlobalSection
	GlobalSection(SolutionProperties) = preSolution
		HideSolutionNode = FALSE
	EndGlobalSection
	GlobalSection(ExtensibilityGlobals) = postSolution
		SolutionGuid = {0BE7A17E-7089-481C-8B6A-097530228179}
	EndGlobalSection
EndGlobal
